
Microsoft Visual Studio Solution File, Format Version 12.00
# Visual Studio Version 17
VisualStudioVersion = 17.14.36811.4
MinimumVisualStudioVersion = 10.0.40219.1
Project("{FAE04EC0-301F-11D3-BF4B-00C04F79EFBC}") = "login-risk-detector", "login-risk-detector.csproj", "{49C6F6A1-B7AA-4D36-99D6-70BF2AF437A5}"
EndProject
Global
	GlobalSection(SolutionConfigurationPlatforms) = preSolution
		Debug|Any CPU = Debug|Any CPU
		Release|Any CPU = Release|Any CPU
	EndGlobalSection
	GlobalSection(ProjectConfigurationPlatforms) = postSolution
		{49C6F6A1-B7AA-4D36-99D6-70BF2AF437A5}.Debug|Any CPU.ActiveCfg = Debug|Any CPU
		{49C6F6A1-B7AA-4D36-99D6-70BF2AF437A5}.Debug|Any CPU.Build.0 = Debug|Any CPU
		{49C6F6A1-B7AA-4D36-99D6-70BF2AF437A5}.Release|Any CPU.ActiveCfg = Release|Any CPU
		{49C6F6A1-B7AA-4D36-99D6-70BF2AF437A5}.Release|Any CPU.Build.0 = Release|Any CPU
	EndGlobalSection
	GlobalSection(SolutionProperties) = preSolution
		HideSolutionNode = FALSE
	EndGlobalSection
	GlobalSection(ExtensibilityGlobals) = postSolution
		SolutionGuid = {E985C281-8305-4A2E-B4C1-9FF6A5076517}
	EndGlobalSection
EndGlobal
